
Microsoft Visual Studio Solution File, Format Version 12.00
# Visual Studio 15
VisualStudioVersion = 15.0.28307.902
MinimumVisualStudioVersion = 10.0.40219.1
Project("{FAE04EC0-301F-11D3-BF4B-00C04F79EFBC}") = "RemindIQ.Android", "RemindIQ.Android\RemindIQ.Android.csproj", "{599ECD10-AEBB-4B6F-9826-B0CF272EE6D8}"
EndProject
Project("{FAE04EC0-301F-11D3-BF4B-00C04F79EFBC}") = "RemindIQ.iOS", "RemindIQ.iOS\RemindIQ.iOS.csproj", "{617EB9B0-1313-49D3-88B6-A40D3EEEB06D}"
EndProject
Project("{9A19103F-16F7-4668-BE54-9A1E7A4F7556}") = "RemindIQ", "RemindIQ\RemindIQ.csproj", "{BB5FD262-EA5C-4004-898F-DE5B607C4E90}"
EndProject
Project("{FAE04EC0-301F-11D3-BF4B-00C04F79EFBC}") = "RemindIQ.UnitTests", "RemindIQ.UnitTests\RemindIQ.UnitTests.csproj", "{71992207-DD9F-4AEE-B2D4-9F6FF4BA0632}"
EndProject
Global
	GlobalSection(SolutionConfigurationPlatforms) = preSolution
		Debug|Any CPU = Debug|Any CPU
		Debug|iPhone = Debug|iPhone
		Debug|iPhoneSimulator = Debug|iPhoneSimulator
		Release|Any CPU = Release|Any CPU
		Release|iPhone = Release|iPhone
		Release|iPhoneSimulator = Release|iPhoneSimulator
	EndGlobalSection
	GlobalSection(ProjectConfigurationPlatforms) = postSolution
		{599ECD10-AEBB-4B6F-9826-B0CF272EE6D8}.Debug|Any CPU.ActiveCfg = Debug|Any CPU
		{599ECD10-AEBB-4B6F-9826-B0CF272EE6D8}.Debug|Any CPU.Build.0 = Debug|Any CPU
		{599ECD10-AEBB-4B6F-9826-B0CF272EE6D8}.Debug|Any CPU.Deploy.0 = Debug|Any CPU
		{599ECD10-AEBB-4B6F-9826-B0CF272EE6D8}.Debug|iPhone.ActiveCfg = Debug|Any CPU
		{599ECD10-AEBB-4B6F-9826-B0CF272EE6D8}.Debug|iPhone.Build.0 = Debug|Any CPU
		{599ECD10-AEBB-4B6F-9826-B0CF272EE6D8}.Debug|iPhone.Deploy.0 = Debug|Any CPU
		{599ECD10-AEBB-4B6F-9826-B0CF272EE6D8}.Debug|iPhoneSimulator.ActiveCfg = Debug|Any CPU
		{599ECD10-AEBB-4B6F-9826-B0CF272EE6D8}.Debug|iPhoneSimulator.Build.0 = Debug|Any CPU
		{599ECD10-AEBB-4B6F-9826-B0CF272EE6D8}.Debug|iPhoneSimulator.Deploy.0 = Debug|Any CPU
		{599ECD10-AEBB-4B6F-9826-B0CF272EE6D8}.Release|Any CPU.ActiveCfg = Release|Any CPU
		{599ECD10-AEBB-4B6F-9826-B0CF272EE6D8}.Release|Any CPU.Build.0 = Release|Any CPU
		{599ECD10-AEBB-4B6F-9826-B0CF272EE6D8}.Release|Any CPU.Deploy.0 = Release|Any CPU
		{599ECD10-AEBB-4B6F-9826-B0CF272EE6D8}.Release|iPhone.ActiveCfg = Release|Any CPU
		{599ECD10-AEBB-4B6F-9826-B0CF272EE6D8}.Release|iPhone.Build.0 = Release|Any CPU
		{599ECD10-AEBB-4B6F-9826-B0CF272EE6D8}.Release|iPhone.Deploy.0 = Release|Any CPU
		{599ECD10-AEBB-4B6F-9826-B0CF272EE6D8}.Release|iPhoneSimulator.ActiveCfg = Release|Any CPU
		{599ECD10-AEBB-4B6F-9826-B0CF272EE6D8}.Release|iPhoneSimulator.Build.0 = Release|Any CPU
		{599ECD10-AEBB-4B6F-9826-B0CF272EE6D8}.Release|iPhoneSimulator.Deploy.0 = Release|Any CPU
		{617EB9B0-1313-49D3-88B6-A40D3EEEB06D}.Debug|Any CPU.ActiveCfg = Debug|iPhoneSimulator
		{617EB9B0-1313-49D3-88B6-A40D3EEEB06D}.Debug|Any CPU.Build.0 = Debug|iPhoneSimulator
		{617EB9B0-1313-49D3-88B6-A40D3EEEB06D}.Debug|Any CPU.Deploy.0 = Debug|iPhoneSimulator
		{617EB9B0-1313-49D3-88B6-A40D3EEEB06D}.Debug|iPhone.ActiveCfg = Debug|iPhone
		{617EB9B0-1313-49D3-88B6-A40D3EEEB06D}.Debug|iPhone.Build.0 = Debug|iPhone
		{617EB9B0-1313-49D3-88B6-A40D3EEEB06D}.Debug|iPhone.Deploy.0 = Debug|iPhone
		{617EB9B0-1313-49D3-88B6-A40D3EEEB06D}.Debug|iPhoneSimulator.ActiveCfg = Debug|iPhoneSimulator
		{617EB9B0-1313-49D3-88B6-A40D3EEEB06D}.Debug|iPhoneSimulator.Build.0 = Debug|iPhoneSimulator
		{617EB9B0-1313-49D3-88B6-A40D3EEEB06D}.Debug|iPhoneSimulator.Deploy.0 = Debug|iPhoneSimulator
		{617EB9B0-1313-49D3-88B6-A40D3EEEB06D}.Release|Any CPU.ActiveCfg = Release|iPhone
		{617EB9B0-1313-49D3-88B6-A40D3EEEB06D}.Release|Any CPU.Build.0 = Release|iPhone
		{617EB9B0-1313-49D3-88B6-A40D3EEEB06D}.Release|Any CPU.Deploy.0 = Release|iPhone
		{617EB9B0-1313-49D3-88B6-A40D3EEEB06D}.Release|iPhone.ActiveCfg = Release|iPhone
		{617EB9B0-1313-49D3-88B6-A40D3EEEB06D}.Release|iPhone.Build.0 = Release|iPhone
		{617EB9B0-1313-49D3-88B6-A40D3EEEB06D}.Release|iPhone.Deploy.0 = Release|iPhone
		{617EB9B0-1313-49D3-88B6-A40D3EEEB06D}.Release|iPhoneSimulator.ActiveCfg = Release|iPhoneSimulator
		{617EB9B0-1313-49D3-88B6-A40D3EEEB06D}.Release|iPhoneSimulator.Build.0 = Release|iPhoneSimulator
		{617EB9B0-1313-49D3-88B6-A40D3EEEB06D}.Release|iPhoneSimulator.Deploy.0 = Release|iPhoneSimulator
		{BB5FD262-EA5C-4004-898F-DE5B607C4E90}.Debug|Any CPU.ActiveCfg = Debug|Any CPU
		{BB5FD262-EA5C-4004-898F-DE5B607C4E90}.Debug|Any CPU.Build.0 = Debug|Any CPU
		{BB5FD262-EA5C-4004-898F-DE5B607C4E90}.Debug|Any CPU.Deploy.0 = Debug|Any CPU
		{BB5FD262-EA5C-4004-898F-DE5B607C4E90}.Debug|iPhone.ActiveCfg = Debug|Any CPU
		{BB5FD262-EA5C-4004-898F-DE5B607C4E90}.Debug|iPhone.Build.0 = Debug|Any CPU
		{BB5FD262-EA5C-4004-898F-DE5B607C4E90}.Debug|iPhone.Deploy.0 = Debug|Any CPU
		{BB5FD262-EA5C-4004-898F-DE5B607C4E90}.Debug|iPhoneSimulator.ActiveCfg = Debug|Any CPU
		{BB5FD262-EA5C-4004-898F-DE5B607C4E90}.Debug|iPhoneSimulator.Build.0 = Debug|Any CPU
		{BB5FD262-EA5C-4004-898F-DE5B607C4E90}.Debug|iPhoneSimulator.Deploy.0 = Debug|Any CPU
		{BB5FD262-EA5C-4004-898F-DE5B607C4E90}.Release|Any CPU.ActiveCfg = Release|Any CPU
		{BB5FD262-EA5C-4004-898F-DE5B607C4E90}.Release|Any CPU.Build.0 = Release|Any CPU
		{BB5FD262-EA5C-4004-898F-DE5B607C4E90}.Release|Any CPU.Deploy.0 = Release|Any CPU
		{BB5FD262-EA5C-4004-898F-DE5B607C4E90}.Release|iPhone.ActiveCfg = Release|Any CPU
		{BB5FD262-EA5C-4004-898F-DE5B607C4E90}.Release|iPhone.Build.0 = Release|Any CPU
		{BB5FD262-EA5C-4004-898F-DE5B607C4E90}.Release|iPhone.Deploy.0 = Release|Any CPU
		{BB5FD262-EA5C-4004-898F-DE5B607C4E90}.Release|iPhoneSimulator.ActiveCfg = Release|Any CPU
		{BB5FD262-EA5C-4004-898F-DE5B607C4E90}.Release|iPhoneSimulator.Build.0 = Release|Any CPU
		{BB5FD262-EA5C-4004-898F-DE5B607C4E90}.Release|iPhoneSimulator.Deploy.0 = Release|Any CPU
		{71992207-DD9F-4AEE-B2D4-9F6FF4BA0632}.Debug|Any CPU.ActiveCfg = Debug|Any CPU
		{71992207-DD9F-4AEE-B2D4-9F6FF4BA0632}.Debug|Any CPU.Build.0 = Debug|Any CPU
		{71992207-DD9F-4AEE-B2D4-9F6FF4BA0632}.Debug|iPhone.ActiveCfg = Debug|Any CPU
		{71992207-DD9F-4AEE-B2D4-9F6FF4BA0632}.Debug|iPhone.Build.0 = Debug|Any CPU
		{71992207-DD9F-4AEE-B2D4-9F6FF4BA0632}.Debug|iPhoneSimulator.ActiveCfg = Debug|Any CPU
		{71992207-DD9F-4AEE-B2D4-9F6FF4BA0632}.Debug|iPhoneSimulator.Build.0 = Debug|Any CPU
		{71992207-DD9F-4AEE-B2D4-9F6FF4BA0632}.Release|Any CPU.ActiveCfg = Release|Any CPU
		{71992207-DD9F-4AEE-B2D4-9F6FF4BA0632}.Release|Any CPU.Build.0 = Release|Any CPU
		{71992207-DD9F-4AEE-B2D4-9F6FF4BA0632}.Release|iPhone.ActiveCfg = Release|Any CPU
		{71992207-DD9F-4AEE-B2D4-9F6FF4BA0632}.Release|iPhone.Build.0 = Release|Any CPU
		{71992207-DD9F-4AEE-B2D4-9F6FF4BA0632}.Release|iPhoneSimulator.ActiveCfg = Release|Any CPU
		{71992207-DD9F-4AEE-B2D4-9F6FF4BA0632}.Release|iPhoneSimulator.Build.0 = Release|Any CPU
	EndGlobalSection
	GlobalSection(SolutionProperties) = preSolution
		HideSolutionNode = FALSE
	EndGlobalSection
	GlobalSection(ExtensibilityGlobals) = postSolution
		SolutionGuid = {8B20D4E3-4820-47BC-A07D-36D1A654B36E}
	EndGlobalSection
EndGlobal
